
Microsoft Visual Studio Solution File, Format Version 12.00
# Visual Studio 15
VisualStudioVersion = 15.0.28307.329
MinimumVisualStudioVersion = 10.0.40219.1
Project("{FAE04EC0-301F-11D3-BF4B-00C04F79EFBC}") = "CSahrpDesignPatterns", "CSahrpDesignPatterns\CSahrpDesignPatterns.csproj", "{09EDD9FD-698B-4FFF-B120-B3B1700EDCF5}"
EndProject
Global
	GlobalSection(SolutionConfigurationPlatforms) = preSolution
		Debug|Any CPU = Debug|Any CPU
		Release|Any CPU = Release|Any CPU
	EndGlobalSection
	GlobalSection(ProjectConfigurationPlatforms) = postSolution
		{09EDD9FD-698B-4FFF-B120-B3B1700EDCF5}.Debug|Any CPU.ActiveCfg = Debug|Any CPU
		{09EDD9FD-698B-4FFF-B120-B3B1700EDCF5}.Debug|Any CPU.Build.0 = Debug|Any CPU
		{09EDD9FD-698B-4FFF-B120-B3B1700EDCF5}.Release|Any CPU.ActiveCfg = Release|Any CPU
		{09EDD9FD-698B-4FFF-B120-B3B1700EDCF5}.Release|Any CPU.Build.0 = Release|Any CPU
	EndGlobalSection
	GlobalSection(SolutionProperties) = preSolution
		HideSolutionNode = FALSE
	EndGlobalSection
	GlobalSection(ExtensibilityGlobals) = postSolution
		SolutionGuid = {05935CD5-E08D-451D-B13D-9E3DF9C46C55}
	EndGlobalSection
EndGlobal
